{
  "name": "@toolbox-sdk/server",
  "version": "0.31.0",
  "lockfileVersion": 3,
  "requires": true,
  "packages": {
    "": {
      "name": "@toolbox-sdk/server",
      "version": "0.31.0",
      "license": "Apache-2.0",
      "bin": {
        "toolbox": "bin/run.js"
      },
      "optionalDependencies": {
        "@toolbox-sdk/server-darwin-arm64": "0.31.0",
        "@toolbox-sdk/server-darwin-x64": "0.31.0",
        "@toolbox-sdk/server-linux-x64": "0.31.0",
        "@toolbox-sdk/server-win32-x64": "0.31.0"
      }
    },
    "node_modules/@toolbox-sdk/server-darwin-arm64": {
      "version": "0.31.0",
      "resolved": "https://registry.npmjs.org/@toolbox-sdk/server-darwin-arm64/-/server-darwin-arm64-0.31.0.tgz",
      "integrity": "sha512-IPbGmZlKXyZMSgZD4i7OBYGbvGv6tbd/7aYgAMpWZshOpZKks2R85rPQEx3xlCH7yKCvkQInQxhIHGPUVT6hPg==",
      "cpu": [
        "arm64"
      ],
      "license": "Apache-2.0",
      "optional": true,
      "os": [
        "darwin"
      ]
    },
    "node_modules/@toolbox-sdk/server-darwin-x64": {
      "version": "0.31.0",
      "resolved": "https://registry.npmjs.org/@toolbox-sdk/server-darwin-x64/-/server-darwin-x64-0.31.0.tgz",
      "integrity": "sha512-4ujbFah4K2GQSiLU1qWAnTZEscr69RPqFWEVS0FAILMgeLaAleDuEt0a+sZoAI9GXc100cvKFGzbdUJdRsfVAg==",
      "cpu": [
        "x64"
      ],
      "license": "Apache-2.0",
      "optional": true,
      "os": [
        "darwin"
      ]
    },
    "node_modules/@toolbox-sdk/server-linux-x64": {
      "version": "0.31.0",
      "resolved": "https://registry.npmjs.org/@toolbox-sdk/server-linux-x64/-/server-linux-x64-0.31.0.tgz",
      "integrity": "sha512-vYxVf0/8q+i1Fd2VCFdQ7oJcDBvEQAs/MP+jGIqGIYnf6I/nbl/ZsLOTGQ0PJCwsL4SX9nKmubmQDCy/weI8Mw==",
      "cpu": [
        "x64"
      ],
      "license": "Apache-2.0",
      "optional": true,
      "os": [
        "linux"
      ]
    },
    "node_modules/@toolbox-sdk/server-win32-x64": {
      "version": "0.31.0",
      "resolved": "https://registry.npmjs.org/@toolbox-sdk/server-win32-x64/-/server-win32-x64-0.31.0.tgz",
      "integrity": "sha512-TeSRiJBlX7dEt0dERwswthl2/GH+qR3yvg3W4REH9Vdyhnnk2y0ENZrcGHLNf599Hd8cwBlyADfW5zK2Y+mSMg==",
      "cpu": [
        "x64"
      ],
      "license": "Apache-2.0",
      "optional": true,
      "os": [
        "win32"
      ]
    }
  }
}
